<?xml version="1.0" encoding="utf-8"?>
<Project ToolsVersion="4.0" xmlns="http://schemas.microsoft.com/developer/msbuild/2003">
  <ItemGroup>
    <Filter Include="Source Files">
      <UniqueIdentifier>{4FC737F1-C7A5-4376-A066-2A32D752A2FF}</UniqueIdentifier>
      <Extensions>cpp;c;cc;cxx;def;odl;idl;hpj;bat;asm;asmx</Extensions>
    </Filter>
    <Filter Include="Header Files">
      <UniqueIdentifier>{93995380-89BD-4b04-88EB-625FBE52EBFB}</UniqueIdentifier>
      <Extensions>h;hh;hpp;hxx;hm;inl;inc;ipp;xsd</Extensions>
    </Filter>
    <Filter Include="Resource Files">
      <UniqueIdentifier>{67DA6AB6-F800-4c08-8B7A-83BB121AAD01}</UniqueIdentifier>
      <Extensions>rc;ico;cur;bmp;dlg;rc2;rct;bin;rgs;gif;jpg;jpeg;jpe;resx;tiff;tif;png;wav;mfcribbon-ms</Extensions>
    </Filter>
    <Filter Include="Shaders">
      <UniqueIdentifier>{705bba80-669d-4b0d-b126-30e611176b8c}</UniqueIdentifier>
    </Filter>
    <Filter Include="Shaders\PreCalculation">
      <UniqueIdentifier>{84958835-4266-48aa-a388-0b3ffc72a0ad}</UniqueIdentifier>
    </Filter>
  </ItemGroup>
  <ItemGroup>
    <None Include="Shaders\Lambert.vert">
      <Filter>Shaders</Filter>
    </None>
    <None Include="Shaders\Lambert.frag">
      <Filter>Shaders</Filter>
    </None>
    <None Include="Shaders\NormalMapping.vert">
      <Filter>Shaders</Filter>
    </None>
    <None Include="Shaders\NormalMapping.frag">
      <Filter>Shaders</Filter>
    </None>
    <None Include="Shaders\SkyShader.frag">
      <Filter>Shaders</Filter>
    </None>
    <None Include="Shaders\SkyShader.vert">
      <Filter>Shaders</Filter>
    </None>
    <None Include="Shaders\DiffuseIBL.frag">
      <Filter>Shaders</Filter>
    </None>
    <None Include="Shaders\DiffuseIBL.vert">
      <Filter>Shaders</Filter>
    </None>
    <None Include="Shaders\PBR.vert">
      <Filter>Shaders</Filter>
    </None>
    <None Include="Shaders\PBR.frag">
      <Filter>Shaders</Filter>
    </None>
    <None Include="Shaders\ConvCubemap.frag">
      <Filter>Shaders\PreCalculation</Filter>
    </None>
    <None Include="Shaders\PreFiltering.frag">
      <Filter>Shaders\PreCalculation</Filter>
    </None>
    <None Include="Shaders\BuildCubemap.frag">
      <Filter>Shaders\PreCalculation</Filter>
    </None>
    <None Include="Shaders\Cubemap.vert">
      <Filter>Shaders\PreCalculation</Filter>
    </None>
    <None Include="Shaders\BRDFintegral.vert">
      <Filter>Shaders\PreCalculation</Filter>
    </None>
    <None Include="Shaders\BRDFintegral.frag">
      <Filter>Shaders\PreCalculation</Filter>
    </None>
    <None Include="Shaders\SpecularIBL.vert">
      <Filter>Shaders</Filter>
    </None>
    <None Include="Shaders\SpecularIBL.frag">
      <Filter>Shaders</Filter>
    </None>
  </ItemGroup>
  <ItemGroup>
    <ClCompile Include="src\Scene.cpp">
      <Filter>Source Files</Filter>
    </ClCompile>
    <ClCompile Include="src\Shader.cpp">
      <Filter>Source Files</Filter>
    </ClCompile>
    <ClCompile Include="src\Sky.cpp">
      <Filter>Source Files</Filter>
    </ClCompile>
    <ClCompile Include="src\Texture.cpp">
      <Filter>Source Files</Filter>
    </ClCompile>
    <ClCompile Include="src\VertexArray.cpp">
      <Filter>Source Files</Filter>
    </ClCompile>
    <ClCompile Include="src\WindowManager.cpp">
      <Filter>Source Files</Filter>
    </ClCompile>
    <ClCompile Include="src\Camera.cpp">
      <Filter>Source Files</Filter>
    </ClCompile>
    <ClCompile Include="src\Engine.cpp">
      <Filter>Source Files</Filter>
    </ClCompile>
    <ClCompile Include="src\Importer.cpp">
      <Filter>Source Files</Filter>
    </ClCompile>
    <ClCompile Include="src\InputManager.cpp">
      <Filter>Source Files</Filter>
    </ClCompile>
    <ClCompile Include="src\Main.cpp">
      <Filter>Source Files</Filter>
    </ClCompile>
    <ClCompile Include="src\Mesh.cpp">
      <Filter>Source Files</Filter>
    </ClCompile>
    <ClCompile Include="src\Model.cpp">
      <Filter>Source Files</Filter>
    </ClCompile>
    <ClCompile Include="src\Renderer.cpp">
      <Filter>Source Files</Filter>
    </ClCompile>
  </ItemGroup>
  <ItemGroup>
    <ClInclude Include="src\Light.h">
      <Filter>Header Files</Filter>
    </ClInclude>
    <ClInclude Include="src\Mesh.h">
      <Filter>Header Files</Filter>
    </ClInclude>
    <ClInclude Include="src\Model.h">
      <Filter>Header Files</Filter>
    </ClInclude>
    <ClInclude Include="src\Renderer.h">
      <Filter>Header Files</Filter>
    </ClInclude>
    <ClInclude Include="src\Scene.h">
      <Filter>Header Files</Filter>
    </ClInclude>
    <ClInclude Include="src\Shader.h">
      <Filter>Header Files</Filter>
    </ClInclude>
    <ClInclude Include="src\Sky.h">
      <Filter>Header Files</Filter>
    </ClInclude>
    <ClInclude Include="src\Texture.h">
      <Filter>Header Files</Filter>
    </ClInclude>
    <ClInclude Include="src\VertexArray.h">
      <Filter>Header Files</Filter>
    </ClInclude>
    <ClInclude Include="src\WindowManager.h">
      <Filter>Header Files</Filter>
    </ClInclude>
    <ClInclude Include="src\Camera.h">
      <Filter>Header Files</Filter>
    </ClInclude>
    <ClInclude Include="src\Engine.h">
      <Filter>Header Files</Filter>
    </ClInclude>
    <ClInclude Include="src\Importer.h">
      <Filter>Header Files</Filter>
    </ClInclude>
    <ClInclude Include="src\InputManager.h">
      <Filter>Header Files</Filter>
    </ClInclude>
  </ItemGroup>
</Project>